PODS:
  - JSPatch (0.2):
    - JSPatch/Core (= 0.2)
  - JSPatch/Core (0.2)
  - MXHotfix (0.1.0):
    - JSPatch (= 0.2)
    - OpenSSL (= 1.0.207)
    - PLCrashReporter (= 1.2.0)
    - SSZipArchive (= 1.1)
  - OpenSSL (1.0.207)
  - PLCrashReporter (1.2.0)
  - SSZipArchive (1.1)

DEPENDENCIES:
  - MXHotfix (from `../`)

EXTERNAL SOURCES:
  MXHotfix:
    :path: ../

SPEC CHECKSUMS:
  JSPatch: 23dcceeec8f8357644f8ef70eb002ef2dbd830de
  MXHotfix: af2927f89d93fb2387e5167bf26883627239f96b
  OpenSSL: 26eb46b2836c0dade24fa53276b552f14c6eece1
  PLCrashReporter: 16927d86a093d0b9cf110545dacb77cb0ed0f243
  SSZipArchive: de3d215ab73f87db627f81f2ce24f1731e3886c3

COCOAPODS: 0.39.0
